github.com/apparentlymart/go-userdirs v0.0.0-20200915174352-b0c018a67c13 h1:JtuelWqyixKApmXm3qghhZ7O96P6NKpyrlSIe8Rwnhw=
github.com/apparentlymart/go-userdirs v0.0.0-20200915174352-b0c018a67c13/go.mod h1:7kfpUbyCdGJ9fDRCp3fopPQi5+cKNHgTE4ZuNrO71Cw=
github.com/bytecodealliance/componentize-go v0.4.3 h1:4UvACRj01HSsHDLA/8bNdNh+FC3jGO0en+0wa9Q5VWg=
github.com/bytecodealliance/componentize-go v0.4.3/go.mod h1:XIR4nMdyNjTIKgqkKe/F/ih8BOR/H2iZZgp2XTCMdjs=
github.com/gofrs/flock v0.13.1 h1:jjREztyBeSKBZYAC+mgc1laB+xsgy4kYMf3FbKF2UBo=
github.com/gofrs/flock v0.13.1/go.mod h1:sf4BFiHwnvgxa25DlQoDqXQnwRMEOwqxRq37P6MzzmE=
github.com/google/go-cmp v0.3.0 h1:crn/baboCvb5fXaQ0IJ1SGTsTVrWpDsCWC8EGETZijY=
github.com/google/go-cmp v0.3.0/go.mod h1:8QqcDgzrUqlUb/G2PQTWiueGozuR1884gddMywk6iLU=
github.com/stretchr/testify v1.12.1 h1:EuwCh5fleGS7H32xRwO3wRGT7DxrDhLAT6FF8MpWDWE=
github.com/stretchr/testify v1.12.1/go.mod h1:MDEgiDPPsNp5cuIrHPPCyornHKgEVbtFUmoNlxoYthg=
go.bytecodealliance.org/pkg v0.3.0 h1:uIYhFo+8eE2gUnksRlrzg0uzIqiXysexZVEGcHbJ6OQ=
go.bytecodealliance.org/pkg v0.3.0/go.mod h1:3Y4rSI/nLUEb57ZMXbEWDbblC/GWfZPRMh/qdxJTmMM=
go.yaml.in/yaml/v3 v3.0.5 h1:N6y/pJk8buWs9NY5ERU2HSMfm+IuD/OtfdAnq6kESPw=
go.yaml.in/yaml/v3 v3.0.5/go.mod h1:HVTZu1O7/Vkt2N+BFy8Zza+lnLsABggaTM2ZpNIGuKg=
golang.org/x/sys v0.0.0-20190509141414-a5b02f93d862/go.mod h1:h1NjWce9XRLGQEsW7wpKNCjG9DtNlClVuFLEZdDNbEs=
golang.org/x/sys v0.48.0 h1:bbX/i/6MgT9BVLM9RT1thmxL04yeTAhbEz4SyadbXoo=
golang.org/x/sys v0.48.0/go.mod h1:hNLxWAXmnKAxqDtdwIYC4bM9oQPEecfsnNMuSxOs3og=
